# This file was autogenerated by Stack.
# You should not edit this file by hand.
# For more information, please see the documentation at:
#   https://docs.haskellstack.org/en/stable/lock_files

packages:
- completed:
    cabal-file:
      size: 1278
      sha256: 7f6531dc87ddd353af8d31b5d7b1525dba25b3ca4cdf1fbd10d3cf8de15df878
    name: radian
    version: '0.1'
    git: https://github.com/igraves/radian.git
    pantry-tree:
      size: 668
      sha256: 28d03ae57373187ddf527c3ee23232ed0f9d595b1f4c9857da9bd05b97b381bb
    commit: 6a5db78b87ca3718a5b014d871baf0a77d536a69
  original:
    git: https://github.com/igraves/radian.git
    commit: 6a5db78b87ca3718a5b014d871baf0a77d536a69
snapshots:
- completed:
    size: 426679
    url: https://raw.githubusercontent.com/commercialhaskell/stackage-snapshots/master/nightly/2019/11/24.yaml
    sha256: 249cba060354fd4e8ed95894f33f922c28f3276e2de629250c9d16aa1cf586e1
  original: nightly-2019-11-24
